
Microsoft Visual Studio Solution File, Format Version 12.00
# Visual Studio 15
VisualStudioVersion = 15.0.26124.0
MinimumVisualStudioVersion = 15.0.26124.0
Project("{FAE04EC0-301F-11D3-BF4B-00C04F79EFBC}") = "Domain", "Domain\Domain.csproj", "{DDD9A709-11D0-48CD-B8C7-1AB1E8AE8A33}"
EndProject
Project("{FAE04EC0-301F-11D3-BF4B-00C04F79EFBC}") = "Application", "Application\Application.csproj", "{9C454D6E-13E1-4C7A-A993-B967C8920DDC}"
EndProject
Project("{FAE04EC0-301F-11D3-BF4B-00C04F79EFBC}") = "Persistence", "Persistence\Persistence.csproj", "{45D4D9EC-D420-4EC6-8C93-BED07B7ADE60}"
EndProject
Project("{FAE04EC0-301F-11D3-BF4B-00C04F79EFBC}") = "API", "API\API.csproj", "{DB2358BB-0101-4E57-BA23-9C95B7014E13}"
EndProject
Global
	GlobalSection(SolutionConfigurationPlatforms) = preSolution
		Debug|Any CPU = Debug|Any CPU
		Debug|x64 = Debug|x64
		Debug|x86 = Debug|x86
		Release|Any CPU = Release|Any CPU
		Release|x64 = Release|x64
		Release|x86 = Release|x86
	EndGlobalSection
	GlobalSection(SolutionProperties) = preSolution
		HideSolutionNode = FALSE
	EndGlobalSection
	GlobalSection(ProjectConfigurationPlatforms) = postSolution
		{DDD9A709-11D0-48CD-B8C7-1AB1E8AE8A33}.Debug|Any CPU.ActiveCfg = Debug|Any CPU
		{DDD9A709-11D0-48CD-B8C7-1AB1E8AE8A33}.Debug|Any CPU.Build.0 = Debug|Any CPU
		{DDD9A709-11D0-48CD-B8C7-1AB1E8AE8A33}.Debug|x64.ActiveCfg = Debug|Any CPU
		{DDD9A709-11D0-48CD-B8C7-1AB1E8AE8A33}.Debug|x64.Build.0 = Debug|Any CPU
		{DDD9A709-11D0-48CD-B8C7-1AB1E8AE8A33}.Debug|x86.ActiveCfg = Debug|Any CPU
		{DDD9A709-11D0-48CD-B8C7-1AB1E8AE8A33}.Debug|x86.Build.0 = Debug|Any CPU
		{DDD9A709-11D0-48CD-B8C7-1AB1E8AE8A33}.Release|Any CPU.ActiveCfg = Release|Any CPU
		{DDD9A709-11D0-48CD-B8C7-1AB1E8AE8A33}.Release|Any CPU.Build.0 = Release|Any CPU
		{DDD9A709-11D0-48CD-B8C7-1AB1E8AE8A33}.Release|x64.ActiveCfg = Release|Any CPU
		{DDD9A709-11D0-48CD-B8C7-1AB1E8AE8A33}.Release|x64.Build.0 = Release|Any CPU
		{DDD9A709-11D0-48CD-B8C7-1AB1E8AE8A33}.Release|x86.ActiveCfg = Release|Any CPU
		{DDD9A709-11D0-48CD-B8C7-1AB1E8AE8A33}.Release|x86.Build.0 = Release|Any CPU
		{9C454D6E-13E1-4C7A-A993-B967C8920DDC}.Debug|Any CPU.ActiveCfg = Debug|Any CPU
		{9C454D6E-13E1-4C7A-A993-B967C8920DDC}.Debug|Any CPU.Build.0 = Debug|Any CPU
		{9C454D6E-13E1-4C7A-A993-B967C8920DDC}.Debug|x64.ActiveCfg = Debug|Any CPU
		{9C454D6E-13E1-4C7A-A993-B967C8920DDC}.Debug|x64.Build.0 = Debug|Any CPU
		{9C454D6E-13E1-4C7A-A993-B967C8920DDC}.Debug|x86.ActiveCfg = Debug|Any CPU
		{9C454D6E-13E1-4C7A-A993-B967C8920DDC}.Debug|x86.Build.0 = Debug|Any CPU
		{9C454D6E-13E1-4C7A-A993-B967C8920DDC}.Release|Any CPU.ActiveCfg = Release|Any CPU
		{9C454D6E-13E1-4C7A-A993-B967C8920DDC}.Release|Any CPU.Build.0 = Release|Any CPU
		{9C454D6E-13E1-4C7A-A993-B967C8920DDC}.Release|x64.ActiveCfg = Release|Any CPU
		{9C454D6E-13E1-4C7A-A993-B967C8920DDC}.Release|x64.Build.0 = Release|Any CPU
		{9C454D6E-13E1-4C7A-A993-B967C8920DDC}.Release|x86.ActiveCfg = Release|Any CPU
		{9C454D6E-13E1-4C7A-A993-B967C8920DDC}.Release|x86.Build.0 = Release|Any CPU
		{45D4D9EC-D420-4EC6-8C93-BED07B7ADE60}.Debug|Any CPU.ActiveCfg = Debug|Any CPU
		{45D4D9EC-D420-4EC6-8C93-BED07B7ADE60}.Debug|Any CPU.Build.0 = Debug|Any CPU
		{45D4D9EC-D420-4EC6-8C93-BED07B7ADE60}.Debug|x64.ActiveCfg = Debug|Any CPU
		{45D4D9EC-D420-4EC6-8C93-BED07B7ADE60}.Debug|x64.Build.0 = Debug|Any CPU
		{45D4D9EC-D420-4EC6-8C93-BED07B7ADE60}.Debug|x86.ActiveCfg = Debug|Any CPU
		{45D4D9EC-D420-4EC6-8C93-BED07B7ADE60}.Debug|x86.Build.0 = Debug|Any CPU
		{45D4D9EC-D420-4EC6-8C93-BED07B7ADE60}.Release|Any CPU.ActiveCfg = Release|Any CPU
		{45D4D9EC-D420-4EC6-8C93-BED07B7ADE60}.Release|Any CPU.Build.0 = Release|Any CPU
		{45D4D9EC-D420-4EC6-8C93-BED07B7ADE60}.Release|x64.ActiveCfg = Release|Any CPU
		{45D4D9EC-D420-4EC6-8C93-BED07B7ADE60}.Release|x64.Build.0 = Release|Any CPU
		{45D4D9EC-D420-4EC6-8C93-BED07B7ADE60}.Release|x86.ActiveCfg = Release|Any CPU
		{45D4D9EC-D420-4EC6-8C93-BED07B7ADE60}.Release|x86.Build.0 = Release|Any CPU
		{DB2358BB-0101-4E57-BA23-9C95B7014E13}.Debug|Any CPU.ActiveCfg = Debug|Any CPU
		{DB2358BB-0101-4E57-BA23-9C95B7014E13}.Debug|Any CPU.Build.0 = Debug|Any CPU
		{DB2358BB-0101-4E57-BA23-9C95B7014E13}.Debug|x64.ActiveCfg = Debug|Any CPU
		{DB2358BB-0101-4E57-BA23-9C95B7014E13}.Debug|x64.Build.0 = Debug|Any CPU
		{DB2358BB-0101-4E57-BA23-9C95B7014E13}.Debug|x86.ActiveCfg = Debug|Any CPU
		{DB2358BB-0101-4E57-BA23-9C95B7014E13}.Debug|x86.Build.0 = Debug|Any CPU
		{DB2358BB-0101-4E57-BA23-9C95B7014E13}.Release|Any CPU.ActiveCfg = Release|Any CPU
		{DB2358BB-0101-4E57-BA23-9C95B7014E13}.Release|Any CPU.Build.0 = Release|Any CPU
		{DB2358BB-0101-4E57-BA23-9C95B7014E13}.Release|x64.ActiveCfg = Release|Any CPU
		{DB2358BB-0101-4E57-BA23-9C95B7014E13}.Release|x64.Build.0 = Release|Any CPU
		{DB2358BB-0101-4E57-BA23-9C95B7014E13}.Release|x86.ActiveCfg = Release|Any CPU
		{DB2358BB-0101-4E57-BA23-9C95B7014E13}.Release|x86.Build.0 = Release|Any CPU
	EndGlobalSection
EndGlobal
